
Microsoft Visual Studio Solution File, Format Version 12.00
# Visual Studio Version 16
VisualStudioVersion = 16.0.31829.152
MinimumVisualStudioVersion = 10.0.40219.1
Project("{FAE04EC0-301F-11D3-BF4B-00C04F79EFBC}") = "DESAlgorytmEncryptDecrypt", "DESAlgorytmEncryptDecrypt.csproj", "{6249865C-B254-4EEB-B83F-706A816B6BAE}"
EndProject
Global
	GlobalSection(SolutionConfigurationPlatforms) = preSolution
		Debug|Any CPU = Debug|Any CPU
		Release|Any CPU = Release|Any CPU
	EndGlobalSection
	GlobalSection(ProjectConfigurationPlatforms) = postSolution
		{6249865C-B254-4EEB-B83F-706A816B6BAE}.Debug|Any CPU.ActiveCfg = Debug|Any CPU
		{6249865C-B254-4EEB-B83F-706A816B6BAE}.Debug|Any CPU.Build.0 = Debug|Any CPU
		{6249865C-B254-4EEB-B83F-706A816B6BAE}.Release|Any CPU.ActiveCfg = Release|Any CPU
		{6249865C-B254-4EEB-B83F-706A816B6BAE}.Release|Any CPU.Build.0 = Release|Any CPU
	EndGlobalSection
	GlobalSection(SolutionProperties) = preSolution
		HideSolutionNode = FALSE
	EndGlobalSection
	GlobalSection(ExtensibilityGlobals) = postSolution
		SolutionGuid = {BDC6E71F-A6A1-4CB6-88E5-8A34D3C1F6C3}
	EndGlobalSection
EndGlobal
